
Microsoft Visual Studio Solution File, Format Version 12.00
# Visual Studio Version 16
VisualStudioVersion = 16.0.30523.141
MinimumVisualStudioVersion = 10.0.40219.1
Project("{8BC9CEB8-8B4A-11D0-8D11-00A0C91BC942}") = "problema8", "problema8.vcxproj", "{214C1808-C0B0-4587-9BAA-FBE026149F24}"
EndProject
Global
	GlobalSection(SolutionConfigurationPlatforms) = preSolution
		Debug|x64 = Debug|x64
		Debug|x86 = Debug|x86
		Release|x64 = Release|x64
		Release|x86 = Release|x86
	EndGlobalSection
	GlobalSection(ProjectConfigurationPlatforms) = postSolution
		{214C1808-C0B0-4587-9BAA-FBE026149F24}.Debug|x64.ActiveCfg = Debug|x64
		{214C1808-C0B0-4587-9BAA-FBE026149F24}.Debug|x64.Build.0 = Debug|x64
		{214C1808-C0B0-4587-9BAA-FBE026149F24}.Debug|x86.ActiveCfg = Debug|Win32
		{214C1808-C0B0-4587-9BAA-FBE026149F24}.Debug|x86.Build.0 = Debug|Win32
		{214C1808-C0B0-4587-9BAA-FBE026149F24}.Release|x64.ActiveCfg = Release|x64
		{214C1808-C0B0-4587-9BAA-FBE026149F24}.Release|x64.Build.0 = Release|x64
		{214C1808-C0B0-4587-9BAA-FBE026149F24}.Release|x86.ActiveCfg = Release|Win32
		{214C1808-C0B0-4587-9BAA-FBE026149F24}.Release|x86.Build.0 = Release|Win32
	EndGlobalSection
	GlobalSection(SolutionProperties) = preSolution
		HideSolutionNode = FALSE
	EndGlobalSection
	GlobalSection(ExtensibilityGlobals) = postSolution
		SolutionGuid = {E1521B54-DAA0-4344-B2B0-273144B03A89}
	EndGlobalSection
EndGlobal
